// !$*UTF8*$!
{
	archiveVersion = 1;
	classes = {
	};
	objectVersion = 55;
	objects = {

/* Begin PBXBuildFile section */
		D6C1758827B2E387000FBC65 /* AppDelegate.swift in Sources */ = {isa = PBXBuildFile; fileRef = D6C1758727B2E387000FBC65 /* AppDelegate.swift */; };
		D6C1758A27B2E387000FBC65 /* SceneDelegate.swift in Sources */ = {isa = PBXBuildFile; fileRef = D6C1758927B2E387000FBC65 /* SceneDelegate.swift */; };
		D6C1758C27B2E387000FBC65 /* ViewController.swift in Sources */ = {isa = PBXBuildFile; fileRef = D6C1758B27B2E387000FBC65 /* ViewController.swift */; };
		D6C1758F27B2E387000FBC65 /* Main.storyboard in Resources */ = {isa = PBXBuildFile; fileRef = D6C1758D27B2E387000FBC65 /* Main.storyboard */; };
		D6C1759127B2E389000FBC65 /* Assets.xcassets in Resources */ = {isa = PBXBuildFile; fileRef = D6C1759027B2E389000FBC65 /* Assets.xcassets */; };
		D6C1759427B2E389000FBC65 /* LaunchScreen.storyboard in Resources */ = {isa = PBXBuildFile; fileRef = D6C1759227B2E389000FBC65 /* LaunchScreen.storyboard */; };
		D6C1759F27B2E38A000FBC65 /* StopWatchTests.swift in Sources */ = {isa = PBXBuildFile; fileRef = D6C1759E27B2E38A000FBC65 /* StopWatchTests.swift */; };
		D6C175A927B2E38A000FBC65 /* StopWatchUITests.swift in Sources */ = {isa = PBXBuildFile; fileRef = D6C175A827B2E38A000FBC65 /* StopWatchUITests.swift */; };
		D6C175AB27B2E38A000FBC65 /* StopWatchUITestsLaunchTests.swift in Sources */ = {isa = PBXBuildFile; fileRef = D6C175AA27B2E38A000FBC65 /* StopWatchUITestsLaunchTests.swift */; };
/* End PBXBuildFile section */

/* Begin PBXContainerItemProxy section */
		D6C1759B27B2E38A000FBC65 /* PBXContainerItemProxy */ = {
			isa = PBXContainerItemProxy;
			containerPortal = D6C1757C27B2E387000FBC65 /* Project object */;
			proxyType = 1;
			remoteGlobalIDString = D6C1758327B2E387000FBC65;
			remoteInfo = StopWatch;
		};
		D6C175A527B2E38A000FBC65 /* PBXContainerItemProxy */ = {
			isa = PBXContainerItemProxy;
			containerPortal = D6C1757C27B2E387000FBC65 /* Project object */;
			proxyType = 1;
			remoteGlobalIDString = D6C1758327B2E387000FBC65;
			remoteInfo = StopWatch;
		};
/* End PBXContainerItemProxy section */

/* Begin PBXFileReference section */
		D6C1758427B2E387000FBC65 /* StopWatch.app */ = {isa = PBXFileReference; explicitFileType = wrapper.application; includeInIndex = 0; path = StopWatch.app; sourceTree = BUILT_PRODUCTS_DIR; };
		D6C1758727B2E387000FBC65 /* AppDelegate.swift */ = {isa = PBXFileReference; lastKnownFileType = sourcecode.swift; path = AppDelegate.swift; sourceTree = "<group>"; };
		D6C1758927B2E387000FBC65 /* SceneDelegate.swift */ = {isa = PBXFileReference; lastKnownFileType = sourcecode.swift; path = SceneDelegate.swift; sourceTree = "<group>"; };
		D6C1758B27B2E387000FBC65 /* ViewController.swift */ = {isa = PBXFileReference; lastKnownFileType = sourcecode.swift; path = ViewController.swift; sourceTree = "<group>"; };
		D6C1758E27B2E387000FBC65 /* Base */ = {isa = PBXFileReference; lastKnownFileType = file.storyboard; name = Base; path = Base.lproj/Main.storyboard; sourceTree = "<group>"; };
		D6C1759027B2E389000FBC65 /* Assets.xcassets */ = {isa = PBXFileReference; lastKnownFileType = folder.assetcatalog; path = Assets.xcassets; sourceTree = "<group>"; };
		D6C1759327B2E389000FBC65 /* Base */ = {isa = PBXFileReference; lastKnownFileType = file.storyboard; name = Base; path = Base.lproj/LaunchScreen.storyboard; sourceTree = "<group>"; };
		D6C1759527B2E389000FBC65 /* Info.plist */ = {isa = PBXFileReference; lastKnownFileType = text.plist.xml; path = Info.plist; sourceTree = "<group>"; };
		D6C1759A27B2E38A000FBC65 /* StopWatchTests.xctest */ = {isa = PBXFileReference; explicitFileType = wrapper.cfbundle; includeInIndex = 0; path = StopWatchTests.xctest; sourceTree = BUILT_PRODUCTS_DIR; };
		D6C1759E27B2E38A000FBC65 /* StopWatchTests.swift */ = {isa = PBXFileReference; lastKnownFileType = sourcecode.swift; path = StopWatchTests.swift; sourceTree = "<group>"; };
		D6C175A427B2E38A000FBC65 /* StopWatchUITests.xctest */ = {isa = PBXFileReference; explicitFileType = wrapper.cfbundle; includeInIndex = 0; path = StopWatchUITests.xctest; sourceTree = BUILT_PRODUCTS_DIR; };
		D6C175A827B2E38A000FBC65 /* StopWatchUITests.swift */ = {isa = PBXFileReference; lastKnownFileType = sourcecode.swift; path = StopWatchUITests.swift; sourceTree = "<group>"; };
		D6C175AA27B2E38A000FBC65 /* StopWatchUITestsLaunchTests.swift */ = {isa = PBXFileReference; lastKnownFileType = sourcecode.swift; path = StopWatchUITestsLaunchTests.swift; sourceTree = "<group>"; };
/* End PBXFileReference section */

/* Begin PBXFrameworksBuildPhase section */
		D6C1758127B2E387000FBC65 /* Frameworks */ = {
			isa = PBXFrameworksBuildPhase;
			buildActionMask = 2147483647;
			files = (
			);
			runOnlyForDeploymentPostprocessing = 0;
		};
		D6C1759727B2E38A000FBC65 /* Frameworks */ = {
			isa = PBXFrameworksBuildPhase;
			buildActionMask = 2147483647;
			files = (
			);
			runOnlyForDeploymentPostprocessing = 0;
		};
		D6C175A127B2E38A000FBC65 /* Frameworks */ = {
			isa = PBXFrameworksBuildPhase;
			buildActionMask = 2147483647;
			files = (
			);
			runOnlyForDeploymentPostprocessing = 0;
		};
/* End PBXFrameworksBuildPhase section */

/* Begin PBXGroup section */
		D6C1757B27B2E387000FBC65 = {
			isa = PBXGroup;
			children = (
				D6C1758627B2E387000FBC65 /* StopWatch */,
				D6C1759D27B2E38A000FBC65 /* StopWatchTests */,
				D6C175A727B2E38A000FBC65 /* StopWatchUITests */,
				D6C1758527B2E387000FBC65 /* Products */,
			);
			sourceTree = "<group>";
		};
		D6C1758527B2E387000FBC65 /* Products */ = {
			isa = PBXGroup;
			children = (
				D6C1758427B2E387000FBC65 /* StopWatch.app */,
				D6C1759A27B2E38A000FBC65 /* StopWatchTests.xctest */,
				D6C175A427B2E38A000FBC65 /* StopWatchUITests.xctest */,
			);
			name = Products;
			sourceTree = "<group>";
		};
		D6C1758627B2E387000FBC65 /* StopWatch */ = {
			isa = PBXGroup;
			children = (
				D6C1758727B2E387000FBC65 /* AppDelegate.swift */,
				D6C1758927B2E387000FBC65 /* SceneDelegate.swift */,
				D6C1758B27B2E387000FBC65 /* ViewController.swift */,
				D6C1758D27B2E387000FBC65 /* Main.storyboard */,
				D6C1759027B2E389000FBC65 /* Assets.xcassets */,
				D6C1759227B2E389000FBC65 /* LaunchScreen.storyboard */,
				D6C1759527B2E389000FBC65 /* Info.plist */,
			);
			path = StopWatch;
			sourceTree = "<group>";
		};
		D6C1759D27B2E38A000FBC65 /* StopWatchTests */ = {
			isa = PBXGroup;
			children = (
				D6C1759E27B2E38A000FBC65 /* StopWatchTests.swift */,
			);
			path = StopWatchTests;
			sourceTree = "<group>";
		};
		D6C175A727B2E38A000FBC65 /* StopWatchUITests */ = {
			isa = PBXGroup;
			children = (
				D6C175A827B2E38A000FBC65 /* StopWatchUITests.swift */,
				D6C175AA27B2E38A000FBC65 /* StopWatchUITestsLaunchTests.swift */,
			);
			path = StopWatchUITests;
			sourceTree = "<group>";
		};
/* End PBXGroup section */

/* Begin PBXNativeTarget section */
		D6C1758327B2E387000FBC65 /* StopWatch */ = {
			isa = PBXNativeTarget;
			buildConfigurationList = D6C175AE27B2E38A000FBC65 /* Build configuration list for PBXNativeTarget "StopWatch" */;
			buildPhases = (
				D6C1758027B2E387000FBC65 /* Sources */,
				D6C1758127B2E387000FBC65 /* Frameworks */,
				D6C1758227B2E387000FBC65 /* Resources */,
			);
			buildRules = (
			);
			dependencies = (
			);
			name = StopWatch;
			productName = StopWatch;
			productReference = D6C1758427B2E387000FBC65 /* StopWatch.app */;
			productType = "com.apple.product-type.application";
		};
		D6C1759927B2E38A000FBC65 /* StopWatchTests */ = {
			isa = PBXNativeTarget;
			buildConfigurationList = D6C175B127B2E38A000FBC65 /* Build configuration list for PBXNativeTarget "StopWatchTests" */;
			buildPhases = (
				D6C1759627B2E38A000FBC65 /* Sources */,
				D6C1759727B2E38A000FBC65 /* Frameworks */,
				D6C1759827B2E38A000FBC65 /* Resources */,
			);
			buildRules = (
			);
			dependencies = (
				D6C1759C27B2E38A000FBC65 /* PBXTargetDependency */,
			);
			name = StopWatchTests;
			productName = StopWatchTests;
			productReference = D6C1759A27B2E38A000FBC65 /* StopWatchTests.xctest */;
			productType = "com.apple.product-type.bundle.unit-test";
		};
		D6C175A327B2E38A000FBC65 /* StopWatchUITests */ = {
			isa = PBXNativeTarget;
			buildConfigurationList = D6C175B427B2E38A000FBC65 /* Build configuration list for PBXNativeTarget "StopWatchUITests" */;
			buildPhases = (
				D6C175A027B2E38A000FBC65 /* Sources */,
				D6C175A127B2E38A000FBC65 /* Frameworks */,
				D6C175A227B2E38A000FBC65 /* Resources */,
			);
			buildRules = (
			);
			dependencies = (
				D6C175A627B2E38A000FBC65 /* PBXTargetDependency */,
			);
			name = StopWatchUITests;
			productName = StopWatchUITests;
			productReference = D6C175A427B2E38A000FBC65 /* StopWatchUITests.xctest */;
			productType = "com.apple.product-type.bundle.ui-testing";
		};
/* End PBXNativeTarget section */

/* Begin PBXProject section */
		D6C1757C27B2E387000FBC65 /* Project object */ = {
			isa = PBXProject;
			attributes = {
				BuildIndependentTargetsInParallel = 1;
				LastSwiftUpdateCheck = 1320;
				LastUpgradeCheck = 1320;
				TargetAttributes = {
					D6C1758327B2E387000FBC65 = {
						CreatedOnToolsVersion = 13.2.1;
					};
					D6C1759927B2E38A000FBC65 = {
						CreatedOnToolsVersion = 13.2.1;
						TestTargetID = D6C1758327B2E387000FBC65;
					};
					D6C175A327B2E38A000FBC65 = {
						CreatedOnToolsVersion = 13.2.1;
						TestTargetID = D6C1758327B2E387000FBC65;
					};
				};
			};
			buildConfigurationList = D6C1757F27B2E387000FBC65 /* Build configuration list for PBXProject "StopWatch" */;
			compatibilityVersion = "Xcode 13.0";
			developmentRegion = en;
			hasScannedForEncodings = 0;
			knownRegions = (
				en,
				Base,
			);
			mainGroup = D6C1757B27B2E387000FBC65;
			productRefGroup = D6C1758527B2E387000FBC65 /* Products */;
			projectDirPath = "";
			projectRoot = "";
			targets = (
				D6C1758327B2E387000FBC65 /* StopWatch */,
				D6C1759927B2E38A000FBC65 /* StopWatchTests */,
				D6C175A327B2E38A000FBC65 /* StopWatchUITests */,
			);
		};
/* End PBXProject section */

/* Begin PBXResourcesBuildPhase section */
		D6C1758227B2E387000FBC65 /* Resources */ = {
			isa = PBXResourcesBuildPhase;
			buildActionMask = 2147483647;
			files = (
				D6C1759427B2E389000FBC65 /* LaunchScreen.storyboard in Resources */,
				D6C1759127B2E389000FBC65 /* Assets.xcassets in Resources */,
				D6C1758F27B2E387000FBC65 /* Main.storyboard in Resources */,
			);
			runOnlyForDeploymentPostprocessing = 0;
		};
		D6C1759827B2E38A000FBC65 /* Resources */ = {
			isa = PBXResourcesBuildPhase;
			buildActionMask = 2147483647;
			files = (
			);
			runOnlyForDeploymentPostprocessing = 0;
		};
		D6C175A227B2E38A000FBC65 /* Resources */ = {
			isa = PBXResourcesBuildPhase;
			buildActionMask = 2147483647;
			files = (
			);
			runOnlyForDeploymentPostprocessing = 0;
		};
/* End PBXResourcesBuildPhase section */

/* Begin PBXSourcesBuildPhase section */
		D6C1758027B2E387000FBC65 /* Sources */ = {
			isa = PBXSourcesBuildPhase;
			buildActionMask = 2147483647;
			files = (
				D6C1758C27B2E387000FBC65 /* ViewController.swift in Sources */,
				D6C1758827B2E387000FBC65 /* AppDelegate.swift in Sources */,
				D6C1758A27B2E387000FBC65 /* SceneDelegate.swift in Sources */,
			);
			runOnlyForDeploymentPostprocessing = 0;
		};
		D6C1759627B2E38A000FBC65 /* Sources */ = {
			isa = PBXSourcesBuildPhase;
			buildActionMask = 2147483647;
			files = (
				D6C1759F27B2E38A000FBC65 /* StopWatchTests.swift in Sources */,
			);
			runOnlyForDeploymentPostprocessing = 0;
		};
		D6C175A027B2E38A000FBC65 /* Sources */ = {
			isa = PBXSourcesBuildPhase;
			buildActionMask = 2147483647;
			files = (
				D6C175AB27B2E38A000FBC65 /* StopWatchUITestsLaunchTests.swift in Sources */,
				D6C175A927B2E38A000FBC65 /* StopWatchUITests.swift in Sources */,
			);
			runOnlyForDeploymentPostprocessing = 0;
		};
/* End PBXSourcesBuildPhase section */

/* Begin PBXTargetDependency section */
		D6C1759C27B2E38A000FBC65 /* PBXTargetDependency */ = {
			isa = PBXTargetDependency;
			target = D6C1758327B2E387000FBC65 /* StopWatch */;
			targetProxy = D6C1759B27B2E38A000FBC65 /* PBXContainerItemProxy */;
		};
		D6C175A627B2E38A000FBC65 /* PBXTargetDependency */ = {
			isa = PBXTargetDependency;
			target = D6C1758327B2E387000FBC65 /* StopWatch */;
			targetProxy = D6C175A527B2E38A000FBC65 /* PBXContainerItemProxy */;
		};
/* End PBXTargetDependency section */

/* Begin PBXVariantGroup section */
		D6C1758D27B2E387000FBC65 /* Main.storyboard */ = {
			isa = PBXVariantGroup;
			children = (
				D6C1758E27B2E387000FBC65 /* Base */,
			);
			name = Main.storyboard;
			sourceTree = "<group>";
		};
		D6C1759227B2E389000FBC65 /* LaunchScreen.storyboard */ = {
			isa = PBXVariantGroup;
			children = (
				D6C1759327B2E389000FBC65 /* Base */,
			);
			name = LaunchScreen.storyboard;
			sourceTree = "<group>";
		};
/* End PBXVariantGroup section */

/* Begin XCBuildConfiguration section */
		D6C175AC27B2E38A000FBC65 /* Debug */ = {
			isa = XCBuildConfiguration;
			buildSettings = {
				ALWAYS_SEARCH_USER_PATHS = NO;
				CLANG_ANALYZER_NONNULL = YES;
				CLANG_ANALYZER_NUMBER_OBJECT_CONVERSION = YES_AGGRESSIVE;
				CLANG_CXX_LANGUAGE_STANDARD = "gnu++17";
				CLANG_CXX_LIBRARY = "libc++";
				CLANG_ENABLE_MODULES = YES;
				CLANG_ENABLE_OBJC_ARC = YES;
				CLANG_ENABLE_OBJC_WEAK = YES;
				CLANG_WARN_BLOCK_CAPTURE_AUTORELEASING = YES;
				CLANG_WARN_BOOL_CONVERSION = YES;
				CLANG_WARN_COMMA = YES;
				CLANG_WARN_CONSTANT_CONVERSION = YES;
				CLANG_WARN_DEPRECATED_OBJC_IMPLEMENTATIONS = YES;
				CLANG_WARN_DIRECT_OBJC_ISA_USAGE = YES_ERROR;
				CLANG_WARN_DOCUMENTATION_COMMENTS = YES;
				CLANG_WARN_EMPTY_BODY = YES;
				CLANG_WARN_ENUM_CONVERSION = YES;
				CLANG_WARN_INFINITE_RECURSION = YES;
				CLANG_WARN_INT_CONVERSION = YES;
				CLANG_WARN_NON_LITERAL_NULL_CONVERSION = YES;
				CLANG_WARN_OBJC_IMPLICIT_RETAIN_SELF = YES;
				CLANG_WARN_OBJC_LITERAL_CONVERSION = YES;
				CLANG_WARN_OBJC_ROOT_CLASS = YES_ERROR;
				CLANG_WARN_QUOTED_INCLUDE_IN_FRAMEWORK_HEADER = YES;
				CLANG_WARN_RANGE_LOOP_ANALYSIS = YES;
				CLANG_WARN_STRICT_PROTOTYPES = YES;
				CLANG_WARN_SUSPICIOUS_MOVE = YES;
				CLANG_WARN_UNGUARDED_AVAILABILITY = YES_AGGRESSIVE;
				CLANG_WARN_UNREACHABLE_CODE = YES;
				CLANG_WARN__DUPLICATE_METHOD_MATCH = YES;
				COPY_PHASE_STRIP = NO;
				DEBUG_INFORMATION_FORMAT = dwarf;
				ENABLE_STRICT_OBJC_MSGSEND = YES;
				ENABLE_TESTABILITY = YES;
				GCC_C_LANGUAGE_STANDARD = gnu11;
				GCC_DYNAMIC_NO_PIC = NO;
				GCC_NO_COMMON_BLOCKS = YES;
				GCC_OPTIMIZATION_LEVEL = 0;
				GCC_PREPROCESSOR_DEFINITIONS = (
					"DEBUG=1",
					"$(inherited)",
				);
				GCC_WARN_64_TO_32_BIT_CONVERSION = YES;
				GCC_WARN_ABOUT_RETURN_TYPE = YES_ERROR;
				GCC_WARN_UNDECLARED_SELECTOR = YES;
				GCC_WARN_UNINITIALIZED_AUTOS = YES_AGGRESSIVE;
				GCC_WARN_UNUSED_FUNCTION = YES;
				GCC_WARN_UNUSED_VARIABLE = YES;
				IPHONEOS_DEPLOYMENT_TARGET = 15.2;
				MTL_ENABLE_DEBUG_INFO = INCLUDE_SOURCE;
				MTL_FAST_MATH = YES;
				ONLY_ACTIVE_ARCH = YES;
				SDKROOT = iphoneos;
				SWIFT_ACTIVE_COMPILATION_CONDITIONS = DEBUG;
				SWIFT_OPTIMIZATION_LEVEL = "-Onone";
			};
			name = Debug;
		};
		D6C175AD27B2E38A000FBC65 /* Release */ = {
			isa = XCBuildConfiguration;
			buildSettings = {
				ALWAYS_SEARCH_USER_PATHS = NO;
				CLANG_ANALYZER_NONNULL = YES;
				CLANG_ANALYZER_NUMBER_OBJECT_CONVERSION = YES_AGGRESSIVE;
				CLANG_CXX_LANGUAGE_STANDARD = "gnu++17";
				CLANG_CXX_LIBRARY = "libc++";
				CLANG_ENABLE_MODULES = YES;
				CLANG_ENABLE_OBJC_ARC = YES;
				CLANG_ENABLE_OBJC_WEAK = YES;
				CLANG_WARN_BLOCK_CAPTURE_AUTORELEASING = YES;
				CLANG_WARN_BOOL_CONVERSION = YES;
				CLANG_WARN_COMMA = YES;
				CLANG_WARN_CONSTANT_CONVERSION = YES;
				CLANG_WARN_DEPRECATED_OBJC_IMPLEMENTATIONS = YES;
				CLANG_WARN_DIRECT_OBJC_ISA_USAGE = YES_ERROR;
				CLANG_WARN_DOCUMENTATION_COMMENTS = YES;
				CLANG_WARN_EMPTY_BODY = YES;
				CLANG_WARN_ENUM_CONVERSION = YES;
				CLANG_WARN_INFINITE_RECURSION = YES;
				CLANG_WARN_INT_CONVERSION = YES;
				CLANG_WARN_NON_LITERAL_NULL_CONVERSION = YES;
				CLANG_WARN_OBJC_IMPLICIT_RETAIN_SELF = YES;
				CLANG_WARN_OBJC_LITERAL_CONVERSION = YES;
				CLANG_WARN_OBJC_ROOT_CLASS = YES_ERROR;
				CLANG_WARN_QUOTED_INCLUDE_IN_FRAMEWORK_HEADER = YES;
				CLANG_WARN_RANGE_LOOP_ANALYSIS = YES;
				CLANG_WARN_STRICT_PROTOTYPES = YES;
				CLANG_WARN_SUSPICIOUS_MOVE = YES;
				CLANG_WARN_UNGUARDED_AVAILABILITY = YES_AGGRESSIVE;
				CLANG_WARN_UNREACHABLE_CODE = YES;
				CLANG_WARN__DUPLICATE_METHOD_MATCH = YES;
				COPY_PHASE_STRIP = NO;
				DEBUG_INFORMATION_FORMAT = "dwarf-with-dsym";
				ENABLE_NS_ASSERTIONS = NO;
				ENABLE_STRICT_OBJC_MSGSEND = YES;
				GCC_C_LANGUAGE_STANDARD = gnu11;
				GCC_NO_COMMON_BLOCKS = YES;
				GCC_WARN_64_TO_32_BIT_CONVERSION = YES;
				GCC_WARN_ABOUT_RETURN_TYPE = YES_ERROR;
				GCC_WARN_UNDECLARED_SELECTOR = YES;
				GCC_WARN_UNINITIALIZED_AUTOS = YES_AGGRESSIVE;
				GCC_WARN_UNUSED_FUNCTION = YES;
				GCC_WARN_UNUSED_VARIABLE = YES;
				IPHONEOS_DEPLOYMENT_TARGET = 15.2;
				MTL_ENABLE_DEBUG_INFO = NO;
				MTL_FAST_MATH = YES;
				SDKROOT = iphoneos;
				SWIFT_COMPILATION_MODE = wholemodule;
				SWIFT_OPTIMIZATION_LEVEL = "-O";
				VALIDATE_PRODUCT = YES;
			};
			name = Release;
		};
		D6C175AF27B2E38A000FBC65 /* Debug */ = {
			isa = XCBuildConfiguration;
			buildSettings = {
				ASSETCATALOG_COMPILER_APPICON_NAME = AppIcon;
				ASSETCATALOG_COMPILER_GLOBAL_ACCENT_COLOR_NAME = AccentColor;
				CODE_SIGN_STYLE = Automatic;
				CURRENT_PROJECT_VERSION = 1;
				GENERATE_INFOPLIST_FILE = YES;
				INFOPLIST_FILE = StopWatch/Info.plist;
				INFOPLIST_KEY_UIApplicationSupportsIndirectInputEvents = YES;
				INFOPLIST_KEY_UILaunchStoryboardName = LaunchScreen;
				INFOPLIST_KEY_UIMainStoryboardFile = Main;
				INFOPLIST_KEY_UISupportedInterfaceOrientations_iPad = "UIInterfaceOrientationPortrait UIInterfaceOrientationPortraitUpsideDown UIInterfaceOrientationLandscapeLeft UIInterfaceOrientationLandscapeRight";
				INFOPLIST_KEY_UISupportedInterfaceOrientations_iPhone = "UIInterfaceOrientationPortrait UIInterfaceOrientationLandscapeLeft UIInterfaceOrientationLandscapeRight";
				LD_RUNPATH_SEARCH_PATHS = (
					"$(inherited)",
					"@executable_path/Frameworks",
				);
				MARKETING_VERSION = 1.0;
				PRODUCT_BUNDLE_IDENTIFIER = app.mizote.mizo.StopWatch;
				PRODUCT_NAME = "$(TARGET_NAME)";
				SWIFT_EMIT_LOC_STRINGS = YES;
				SWIFT_VERSION = 5.0;
				TARGETED_DEVICE_FAMILY = "1,2";
			};
			name = Debug;
		};
		D6C175B027B2E38A000FBC65 /* Release */ = {
			isa = XCBuildConfiguration;
			buildSettings = {
				ASSETCATALOG_COMPILER_APPICON_NAME = AppIcon;
				ASSETCATALOG_COMPILER_GLOBAL_ACCENT_COLOR_NAME = AccentColor;
				CODE_SIGN_STYLE = Automatic;
				CURRENT_PROJECT_VERSION = 1;
				GENERATE_INFOPLIST_FILE = YES;
				INFOPLIST_FILE = StopWatch/Info.plist;
				INFOPLIST_KEY_UIApplicationSupportsIndirectInputEvents = YES;
				INFOPLIST_KEY_UILaunchStoryboardName = LaunchScreen;
				INFOPLIST_KEY_UIMainStoryboardFile = Main;
				INFOPLIST_KEY_UISupportedInterfaceOrientations_iPad = "UIInterfaceOrientationPortrait UIInterfaceOrientationPortraitUpsideDown UIInterfaceOrientationLandscapeLeft UIInterfaceOrientationLandscapeRight";
				INFOPLIST_KEY_UISupportedInterfaceOrientations_iPhone = "UIInterfaceOrientationPortrait UIInterfaceOrientationLandscapeLeft UIInterfaceOrientationLandscapeRight";
				LD_RUNPATH_SEARCH_PATHS = (
					"$(inherited)",
					"@executable_path/Frameworks",
				);
				MARKETING_VERSION = 1.0;
				PRODUCT_BUNDLE_IDENTIFIER = app.mizote.mizo.StopWatch;
				PRODUCT_NAME = "$(TARGET_NAME)";
				SWIFT_EMIT_LOC_STRINGS = YES;
				SWIFT_VERSION = 5.0;
				TARGETED_DEVICE_FAMILY = "1,2";
			};
			name = Release;
		};
		D6C175B227B2E38A000FBC65 /* Debug */ = {
			isa = XCBuildConfiguration;
			buildSettings = {
				ALWAYS_EMBED_SWIFT_STANDARD_LIBRARIES = YES;
				BUNDLE_LOADER = "$(TEST_HOST)";
				CODE_SIGN_STYLE = Automatic;
				CURRENT_PROJECT_VERSION = 1;
				GENERATE_INFOPLIST_FILE = YES;
				IPHONEOS_DEPLOYMENT_TARGET = 15.2;
				MARKETING_VERSION = 1.0;
				PRODUCT_BUNDLE_IDENTIFIER = app.mizote.mizo.StopWatchTests;
				PRODUCT_NAME = "$(TARGET_NAME)";
				SWIFT_EMIT_LOC_STRINGS = NO;
				SWIFT_VERSION = 5.0;
				TARGETED_DEVICE_FAMILY = "1,2";
				TEST_HOST = "$(BUILT_PRODUCTS_DIR)/StopWatch.app/StopWatch";
			};
			name = Debug;
		};
		D6C175B327B2E38A000FBC65 /* Release */ = {
			isa = XCBuildConfiguration;
			buildSettings = {
				ALWAYS_EMBED_SWIFT_STANDARD_LIBRARIES = YES;
				BUNDLE_LOADER = "$(TEST_HOST)";
				CODE_SIGN_STYLE = Automatic;
				CURRENT_PROJECT_VERSION = 1;
				GENERATE_INFOPLIST_FILE = YES;
				IPHONEOS_DEPLOYMENT_TARGET = 15.2;
				MARKETING_VERSION = 1.0;
				PRODUCT_BUNDLE_IDENTIFIER = app.mizote.mizo.StopWatchTests;
				PRODUCT_NAME = "$(TARGET_NAME)";
				SWIFT_EMIT_LOC_STRINGS = NO;
				SWIFT_VERSION = 5.0;
				TARGETED_DEVICE_FAMILY = "1,2";
				TEST_HOST = "$(BUILT_PRODUCTS_DIR)/StopWatch.app/StopWatch";
			};
			name = Release;
		};
		D6C175B527B2E38A000FBC65 /* Debug */ = {
			isa = XCBuildConfiguration;
			buildSettings = {
				ALWAYS_EMBED_SWIFT_STANDARD_LIBRARIES = YES;
				CODE_SIGN_STYLE = Automatic;
				CURRENT_PROJECT_VERSION = 1;
				GENERATE_INFOPLIST_FILE = YES;
				MARKETING_VERSION = 1.0;
				PRODUCT_BUNDLE_IDENTIFIER = app.mizote.mizo.StopWatchUITests;
				PRODUCT_NAME = "$(TARGET_NAME)";
				SWIFT_EMIT_LOC_STRINGS = NO;
				SWIFT_VERSION = 5.0;
				TARGETED_DEVICE_FAMILY = "1,2";
				TEST_TARGET_NAME = StopWatch;
			};
			name = Debug;
		};
		D6C175B627B2E38A000FBC65 /* Release */ = {
			isa = XCBuildConfiguration;
			buildSettings = {
				ALWAYS_EMBED_SWIFT_STANDARD_LIBRARIES = YES;
				CODE_SIGN_STYLE = Automatic;
				CURRENT_PROJECT_VERSION = 1;
				GENERATE_INFOPLIST_FILE = YES;
				MARKETING_VERSION = 1.0;
				PRODUCT_BUNDLE_IDENTIFIER = app.mizote.mizo.StopWatchUITests;
				PRODUCT_NAME = "$(TARGET_NAME)";
				SWIFT_EMIT_LOC_STRINGS = NO;
				SWIFT_VERSION = 5.0;
				TARGETED_DEVICE_FAMILY = "1,2";
				TEST_TARGET_NAME = StopWatch;
			};
			name = Release;
		};
/* End XCBuildConfiguration section */

/* Begin XCConfigurationList section */
		D6C1757F27B2E387000FBC65 /* Build configuration list for PBXProject "StopWatch" */ = {
			isa = XCConfigurationList;
			buildConfigurations = (
				D6C175AC27B2E38A000FBC65 /* Debug */,
				D6C175AD27B2E38A000FBC65 /* Release */,
			);
			defaultConfigurationIsVisible = 0;
			defaultConfigurationName = Release;
		};
		D6C175AE27B2E38A000FBC65 /* Build configuration list for PBXNativeTarget "StopWatch" */ = {
			isa = XCConfigurationList;
			buildConfigurations = (
				D6C175AF27B2E38A000FBC65 /* Debug */,
				D6C175B027B2E38A000FBC65 /* Release */,
			);
			defaultConfigurationIsVisible = 0;
			defaultConfigurationName = Release;
		};
		D6C175B127B2E38A000FBC65 /* Build configuration list for PBXNativeTarget "StopWatchTests" */ = {
			isa = XCConfigurationList;
			buildConfigurations = (
				D6C175B227B2E38A000FBC65 /* Debug */,
				D6C175B327B2E38A000FBC65 /* Release */,
			);
			defaultConfigurationIsVisible = 0;
			defaultConfigurationName = Release;
		};
		D6C175B427B2E38A000FBC65 /* Build configuration list for PBXNativeTarget "StopWatchUITests" */ = {
			isa = XCConfigurationList;
			buildConfigurations = (
				D6C175B527B2E38A000FBC65 /* Debug */,
				D6C175B627B2E38A000FBC65 /* Release */,
			);
			defaultConfigurationIsVisible = 0;
			defaultConfigurationName = Release;
		};
/* End XCConfigurationList section */
	};
	rootObject = D6C1757C27B2E387000FBC65 /* Project object */;
}
